
Microsoft Visual Studio Solution File, Format Version 12.00
# Visual Studio 15
Project("{FAE04EC0-301F-11D3-BF4B-00C04F79EFBC}") = "Assembly-CSharp", "Assembly-CSharp.csproj", "{597A4538-564E-BD1F-5D82-3E002E8001F5}"
EndProject
Project("{FAE04EC0-301F-11D3-BF4B-00C04F79EFBC}") = "Assembly-CSharp-Editor", "Assembly-CSharp-Editor.csproj", "{CD813F49-F432-BC89-94AA-96D57BAA4AF6}"
EndProject
Global
	GlobalSection(SolutionConfigurationPlatforms) = preSolution
		Debug|Any CPU = Debug|Any CPU
		Release|Any CPU = Release|Any CPU
	EndGlobalSection
	GlobalSection(ProjectConfigurationPlatforms) = postSolution
		{597A4538-564E-BD1F-5D82-3E002E8001F5}.Debug|Any CPU.ActiveCfg = Debug|Any CPU
		{597A4538-564E-BD1F-5D82-3E002E8001F5}.Debug|Any CPU.Build.0 = Debug|Any CPU
		{597A4538-564E-BD1F-5D82-3E002E8001F5}.Release|Any CPU.ActiveCfg = Release|Any CPU
		{597A4538-564E-BD1F-5D82-3E002E8001F5}.Release|Any CPU.Build.0 = Release|Any CPU
		{CD813F49-F432-BC89-94AA-96D57BAA4AF6}.Debug|Any CPU.ActiveCfg = Debug|Any CPU
		{CD813F49-F432-BC89-94AA-96D57BAA4AF6}.Debug|Any CPU.Build.0 = Debug|Any CPU
		{CD813F49-F432-BC89-94AA-96D57BAA4AF6}.Release|Any CPU.ActiveCfg = Release|Any CPU
		{CD813F49-F432-BC89-94AA-96D57BAA4AF6}.Release|Any CPU.Build.0 = Release|Any CPU
	EndGlobalSection
	GlobalSection(SolutionProperties) = preSolution
		HideSolutionNode = FALSE
	EndGlobalSection
EndGlobal
